
Microsoft Visual Studio Solution File, Format Version 12.00
# Visual Studio Version 16
VisualStudioVersion = 16.0.32630.194
MinimumVisualStudioVersion = 10.0.40219.1
Project("{FAE04EC0-301F-11D3-BF4B-00C04F79EFBC}") = "SwitchMonitor.Gui", "SwitchMonitor.Gui\SwitchMonitor.Gui.csproj", "{D671D1BF-90D7-41C4-8F95-CDA7EC3DA22F}"
EndProject
Project("{54435603-DBB4-11D2-8724-00A0C9A8B90C}") = "SwitchMonitor.Setup", "SwitchMonitor.Setup\SwitchMonitor.Setup.vdproj", "{0423AC22-C052-43C1-BB11-2D1975E1F4EE}"
EndProject
Project("{FAE04EC0-301F-11D3-BF4B-00C04F79EFBC}") = "SwitchMonitor.Db", "SwitchMonitor.Db\SwitchMonitor.Db.csproj", "{4A29E4E2-9CD3-40A2-9184-F413C7B2A5F2}"
EndProject
Project("{FAE04EC0-301F-11D3-BF4B-00C04F79EFBC}") = "ObjectListView2012", "ObjectListView\ObjectListView2012.csproj", "{18FEDA0C-D147-4286-B39A-01204808106A}"
EndProject
Global
	GlobalSection(SolutionConfigurationPlatforms) = preSolution
		Debug|Any CPU = Debug|Any CPU
		Release|Any CPU = Release|Any CPU
	EndGlobalSection
	GlobalSection(ProjectConfigurationPlatforms) = postSolution
		{D671D1BF-90D7-41C4-8F95-CDA7EC3DA22F}.Debug|Any CPU.ActiveCfg = Debug|Any CPU
		{D671D1BF-90D7-41C4-8F95-CDA7EC3DA22F}.Debug|Any CPU.Build.0 = Debug|Any CPU
		{D671D1BF-90D7-41C4-8F95-CDA7EC3DA22F}.Release|Any CPU.ActiveCfg = Release|Any CPU
		{D671D1BF-90D7-41C4-8F95-CDA7EC3DA22F}.Release|Any CPU.Build.0 = Release|Any CPU
		{0423AC22-C052-43C1-BB11-2D1975E1F4EE}.Debug|Any CPU.ActiveCfg = Debug
		{0423AC22-C052-43C1-BB11-2D1975E1F4EE}.Release|Any CPU.ActiveCfg = Release
		{4A29E4E2-9CD3-40A2-9184-F413C7B2A5F2}.Debug|Any CPU.ActiveCfg = Debug|Any CPU
		{4A29E4E2-9CD3-40A2-9184-F413C7B2A5F2}.Debug|Any CPU.Build.0 = Debug|Any CPU
		{4A29E4E2-9CD3-40A2-9184-F413C7B2A5F2}.Release|Any CPU.ActiveCfg = Release|Any CPU
		{4A29E4E2-9CD3-40A2-9184-F413C7B2A5F2}.Release|Any CPU.Build.0 = Release|Any CPU
		{18FEDA0C-D147-4286-B39A-01204808106A}.Debug|Any CPU.ActiveCfg = Debug|Any CPU
		{18FEDA0C-D147-4286-B39A-01204808106A}.Debug|Any CPU.Build.0 = Debug|Any CPU
		{18FEDA0C-D147-4286-B39A-01204808106A}.Release|Any CPU.ActiveCfg = Release|Any CPU
		{18FEDA0C-D147-4286-B39A-01204808106A}.Release|Any CPU.Build.0 = Release|Any CPU
	EndGlobalSection
	GlobalSection(SolutionProperties) = preSolution
		HideSolutionNode = FALSE
	EndGlobalSection
	GlobalSection(ExtensibilityGlobals) = postSolution
		SolutionGuid = {A7A58737-A052-468E-A0FC-11934322CD81}
	EndGlobalSection
EndGlobal
